
Microsoft Visual Studio Solution File, Format Version 12.00
# Visual Studio 15
VisualStudioVersion = 15.0.27703.2035
MinimumVisualStudioVersion = 10.0.40219.1
Project("{FAE04EC0-301F-11D3-BF4B-00C04F79EFBC}") = "Khobzatna", "Khobzatna\Khobzatna.csproj", "{60DC10BF-631A-4C2D-BBAD-4E72CDBCA71D}"
EndProject
Global
	GlobalSection(SolutionConfigurationPlatforms) = preSolution
		Debug|Any CPU = Debug|Any CPU
		Release|Any CPU = Release|Any CPU
	EndGlobalSection
	GlobalSection(ProjectConfigurationPlatforms) = postSolution
		{60DC10BF-631A-4C2D-BBAD-4E72CDBCA71D}.Debug|Any CPU.ActiveCfg = Debug|Any CPU
		{60DC10BF-631A-4C2D-BBAD-4E72CDBCA71D}.Debug|Any CPU.Build.0 = Debug|Any CPU
		{60DC10BF-631A-4C2D-BBAD-4E72CDBCA71D}.Release|Any CPU.ActiveCfg = Release|Any CPU
		{60DC10BF-631A-4C2D-BBAD-4E72CDBCA71D}.Release|Any CPU.Build.0 = Release|Any CPU
	EndGlobalSection
	GlobalSection(SolutionProperties) = preSolution
		HideSolutionNode = FALSE
	EndGlobalSection
	GlobalSection(ExtensibilityGlobals) = postSolution
		SolutionGuid = {B921C4EF-9D55-40A5-ABA6-6B26F59812A2}
	EndGlobalSection
EndGlobal
